
Microsoft Visual Studio Solution File, Format Version 12.00
# Visual Studio Version 17
VisualStudioVersion = 17.7.34009.444
MinimumVisualStudioVersion = 10.0.40219.1
Project("{9A19103F-16F7-4668-BE54-9A1E7A4F7556}") = "000.1-Basvuru1soru", "000.1-Basvuru1soru\000.1-Basvuru1soru.csproj", "{5463FCD3-D551-4E79-80BB-8EE7AC05519B}"
EndProject
Project("{9A19103F-16F7-4668-BE54-9A1E7A4F7556}") = "000.2-Basvuru2soru", "000.2-Basvuru2soru\000.2-Basvuru2soru.csproj", "{132CEF3E-CEF7-464D-AF51-A79EC5E1E437}"
EndProject
Project("{9A19103F-16F7-4668-BE54-9A1E7A4F7556}") = "001.01-Try_catch", "001.01-Try_catch\001.01-Try_catch.csproj", "{9FA05CF7-FD07-42C0-81FF-2B956048CD26}"
EndProject
Project("{9A19103F-16F7-4668-BE54-9A1E7A4F7556}") = "002.01-OOP", "002.01-OOP\002.01-OOP.csproj", "{27EBC372-DBA5-44C3-8B3F-63B4693D6629}"
EndProject
Project("{9A19103F-16F7-4668-BE54-9A1E7A4F7556}") = "002.02-OOPExercise", "002.02-OOPExercise\002.02-OOPExercise.csproj", "{5FABA795-94DB-48E8-B190-4DBF3C2C55C6}"
EndProject
Project("{9A19103F-16F7-4668-BE54-9A1E7A4F7556}") = "003.01-ReferenceTypeValueType", "003.01-ReferenceTypeValueType\003.01-ReferenceTypeValueType.csproj", "{26C9289F-8102-460F-A85C-B26152A17646}"
EndProject
Project("{9A19103F-16F7-4668-BE54-9A1E7A4F7556}") = "002.03-OOPExercise", "002.03-OOPExercise\002.03-OOPExercise.csproj", "{AAA85147-DEA9-4762-9B1C-D1246DF906CA}"
EndProject
Project("{9A19103F-16F7-4668-BE54-9A1E7A4F7556}") = "004.01-AccsessControlLog", "004.01-AccsessControlLog\004.01-AccsessControlLog.csproj", "{329A6E99-1CE3-48A9-B84D-C8BF3EB60593}"
EndProject
Project("{2150E333-8FDC-42A3-9474-1A3956D46DE8}") = "Solution Items", "Solution Items", "{93C2948D-AA3F-4BF5-9D5D-B1AD1F677898}"
	ProjectSection(SolutionItems) = preProject
		000.0-Used files\AccessControlLogs.txt = 000.0-Used files\AccessControlLogs.txt
	EndProjectSection
EndProject
Project("{9A19103F-16F7-4668-BE54-9A1E7A4F7556}") = "004.02-EncapsulationExercise", "004.02-EncapsulationExercise\004.02-EncapsulationExercise.csproj", "{1C04124B-9C32-4C2D-B2E0-7CB1047CD891}"
EndProject
Project("{9A19103F-16F7-4668-BE54-9A1E7A4F7556}") = "004.03-SpotifyExercise", "004.03-SpotifyExercise\004.03-SpotifyExercise.csproj", "{4B06149A-998F-4FF6-A5F3-2C0CF52F0BA4}"
EndProject
Project("{9A19103F-16F7-4668-BE54-9A1E7A4F7556}") = "004.04-InheritanceExample", "004.04-InheritanceExample\004.04-InheritanceExample.csproj", "{09EBF348-CD73-4A6C-9963-F564C4105D87}"
EndProject
Project("{9A19103F-16F7-4668-BE54-9A1E7A4F7556}") = "004.05-CalendarApp", "004.05-CalendarApp\004.05-CalendarApp.csproj", "{31575545-F57A-4D75-A076-2A7F7443EB93}"
EndProject
Project("{9A19103F-16F7-4668-BE54-9A1E7A4F7556}") = "004.06-InterfaceExample", "004.06-InterfaceExample\004.06-InterfaceExample.csproj", "{F9D8BF0C-1643-4A4A-AF6B-E51CC3438241}"
EndProject
Project("{9A19103F-16F7-4668-BE54-9A1E7A4F7556}") = "005.01-FreelancerApp", "005.01-FreelancerApp\005.01-FreelancerApp.csproj", "{DE5B9557-B718-45D6-BDE9-1BBFC7A254FE}"
EndProject
Project("{2150E333-8FDC-42A3-9474-1A3956D46DE8}") = "007.01-ShapeAreaCalculator", "007.01-ShapeAreaCalculator", "{E53E8BBF-1BC7-44D4-84CC-E1E5403A6ABC}"
EndProject
Project("{2150E333-8FDC-42A3-9474-1A3956D46DE8}") = "Core", "Core", "{158D7932-40A0-4537-8BFD-7F2FC7E4D3CC}"
EndProject
Project("{FAE04EC0-301F-11D3-BF4B-00C04F79EFBC}") = "ShapeAreaCalculator.Domain", "007.01-ShapeAreaCalculator\Core\ShapeAreaCalculator.Domain\ShapeAreaCalculator.Domain.csproj", "{CE7399B3-F067-4360-A3E4-79CD2C814ED6}"
EndProject
Project("{2150E333-8FDC-42A3-9474-1A3956D46DE8}") = "Infrastructure", "Infrastructure", "{B2F74AF2-20F7-4C7F-AF5B-0BEA6964E65E}"
EndProject
Project("{FAE04EC0-301F-11D3-BF4B-00C04F79EFBC}") = "SAC_long_path.Infrastructure", "007.01-ShapeAreaCalculator\Infrastructure\SAC_long_path.Infrastructure\SAC_long_path.Infrastructure.csproj", "{63BF39CD-E5F6-4A1C-8F34-7281688DAF56}"
EndProject
Project("{2150E333-8FDC-42A3-9474-1A3956D46DE8}") = "Presentation", "Presentation", "{3D1A9008-6381-476D-999C-9D27C5233CBF}"
EndProject
Project("{9A19103F-16F7-4668-BE54-9A1E7A4F7556}") = "ShapeAreaCalculator.Console", "007.01-ShapeAreaCalculator\Presentation\ShapeAreaCalculator.Console\ShapeAreaCalculator.Console.csproj", "{ADFB7036-2699-4AE5-A174-FF7F4FC24AEE}"
EndProject
Project("{2150E333-8FDC-42A3-9474-1A3956D46DE8}") = "005.02", "005.02", "{54CAA9AF-1B28-4C2A-9360-55B6397671C1}"
EndProject
Project("{2150E333-8FDC-42A3-9474-1A3956D46DE8}") = "008.01-PasswordGenerator", "008.01-PasswordGenerator", "{C3AB1D2C-4D45-4C58-A733-84BB31BF02C6}"
EndProject
Project("{9A19103F-16F7-4668-BE54-9A1E7A4F7556}") = "PasswordGenerator.Presentation", "008.01-PasswordGenerator\PasswordGenerator.Presentation\PasswordGenerator.Presentation.csproj", "{C7F35F19-E2EA-4FDF-A6F1-A826F1BA8883}"
EndProject
Project("{FAE04EC0-301F-11D3-BF4B-00C04F79EFBC}") = "Yetgen.PWGenerator", "008.01-PasswordGenerator\Yetgen.PWGenerator\Yetgen.PWGenerator.csproj", "{FE326195-0D95-4421-BB09-3CCDDF183905}"
EndProject
Project("{2150E333-8FDC-42A3-9474-1A3956D46DE8}") = "008.03-Entity and Linq", "008.03-Entity and Linq", "{517FAAA5-B91E-4AF1-9329-AC5860A1D902}"
EndProject
Project("{2150E333-8FDC-42A3-9474-1A3956D46DE8}") = "Entities", "Entities", "{06CA8DDE-1AE6-4E09-8226-2F2ED2575E16}"
EndProject
Project("{2150E333-8FDC-42A3-9474-1A3956D46DE8}") = "Linq", "Linq", "{8AB8D819-CD4F-4233-9C91-81A9D4C79AF3}"
EndProject
Project("{9A19103F-16F7-4668-BE54-9A1E7A4F7556}") = "Linq.Main", "008.03-Entity and Linq\Linq\Linq.Main\Linq.Main.csproj", "{CE7E2C62-EA95-4721-9D83-F30802A60698}"
EndProject
Project("{2150E333-8FDC-42A3-9474-1A3956D46DE8}") = "009.01-ProductMVC", "009.01-ProductMVC", "{D13A1958-5CC4-4087-A01E-62038324B005}"
EndProject
Project("{2150E333-8FDC-42A3-9474-1A3956D46DE8}") = "Core", "Core", "{21F74221-FF49-401A-B278-FC25A46E4AAD}"
EndProject
Project("{2150E333-8FDC-42A3-9474-1A3956D46DE8}") = "Infrastructure", "Infrastructure", "{DA40417F-CD8D-4B4A-985F-1F6147D7D0C5}"
EndProject
Project("{2150E333-8FDC-42A3-9474-1A3956D46DE8}") = "Presentation", "Presentation", "{4A417EE3-BD61-4F06-9E87-24E530D3DBC8}"
EndProject
Project("{9A19103F-16F7-4668-BE54-9A1E7A4F7556}") = "Productify.MVC", "009.01\Presentation\Productify.MVC\Productify.MVC.csproj", "{1E22DB25-A283-473D-9D8D-26A5DA26CEF7}"
EndProject
Project("{9A19103F-16F7-4668-BE54-9A1E7A4F7556}") = "Productify.Domain", "009.1\Core\Productify.Domain\Productify.Domain.csproj", "{5A529600-B130-4A79-B9F8-99F97ABACABF}"
EndProject
Project("{9A19103F-16F7-4668-BE54-9A1E7A4F7556}") = "Productify.Persistence", "009.01\Infrastructure\Persistence\Productify.Persistence.csproj", "{73CCEE06-23B2-4487-A274-03164090D6DF}"
EndProject
Project("{9A19103F-16F7-4668-BE54-9A1E7A4F7556}") = "Enttites", "008.03-Entity and Linq\Enttites\Enttites\Enttites.csproj", "{908E3935-0A76-4DD7-8CD2-1AE54A97E9C1}"
EndProject
Project("{2150E333-8FDC-42A3-9474-1A3956D46DE8}") = "000.3-OpenAIConsoleClient", "000.3-OpenAIConsoleClient", "{5BB2C399-33E6-4E84-9334-59AFCBE96397}"
EndProject
Project("{9A19103F-16F7-4668-BE54-9A1E7A4F7556}") = "OpenAI.Console.Client", "000.3-OpenAIConsoleClient\OpenAI.Console.Client\OpenAI.Console.Client.csproj", "{FF663DCD-A0ED-44E0-9595-EA3E3BCB73EE}"
EndProject
Project("{2150E333-8FDC-42A3-9474-1A3956D46DE8}") = "010.01-OpenAIAPI", "010.01-OpenAIAPI", "{F3F0060F-2C03-45DD-B218-3D47B2D7AC8E}"
EndProject
Project("{9A19103F-16F7-4668-BE54-9A1E7A4F7556}") = "OpenAIAPI", "010.01-OpenAIAPI\OpenAIAPI\OpenAIAPI.csproj", "{3E1F8C0D-DC4A-4B0F-8DD5-CF46DA4EFC8F}"
EndProject
Project("{2150E333-8FDC-42A3-9474-1A3956D46DE8}") = "010.02-PostgreSQL", "010.02-PostgreSQL", "{378D56DB-1E94-43C9-9C1D-2721DCC87F9C}"
EndProject
Project("{FAE04EC0-301F-11D3-BF4B-00C04F79EFBC}") = "PostgreSQL_EFC", "010.02-PostgreSQL\PostgreSQL_EFC\PostgreSQL_EFC.csproj", "{9B098C7D-2A8F-4CB0-AFD5-C959608D0EF6}"
EndProject
Global
	GlobalSection(SolutionConfigurationPlatforms) = preSolution
		Debug|Any CPU = Debug|Any CPU
		Release|Any CPU = Release|Any CPU
	EndGlobalSection
	GlobalSection(ProjectConfigurationPlatforms) = postSolution
		{5463FCD3-D551-4E79-80BB-8EE7AC05519B}.Debug|Any CPU.ActiveCfg = Debug|Any CPU
		{5463FCD3-D551-4E79-80BB-8EE7AC05519B}.Debug|Any CPU.Build.0 = Debug|Any CPU
		{5463FCD3-D551-4E79-80BB-8EE7AC05519B}.Release|Any CPU.ActiveCfg = Release|Any CPU
		{5463FCD3-D551-4E79-80BB-8EE7AC05519B}.Release|Any CPU.Build.0 = Release|Any CPU
		{132CEF3E-CEF7-464D-AF51-A79EC5E1E437}.Debug|Any CPU.ActiveCfg = Debug|Any CPU
		{132CEF3E-CEF7-464D-AF51-A79EC5E1E437}.Debug|Any CPU.Build.0 = Debug|Any CPU
		{132CEF3E-CEF7-464D-AF51-A79EC5E1E437}.Release|Any CPU.ActiveCfg = Release|Any CPU
		{132CEF3E-CEF7-464D-AF51-A79EC5E1E437}.Release|Any CPU.Build.0 = Release|Any CPU
		{9FA05CF7-FD07-42C0-81FF-2B956048CD26}.Debug|Any CPU.ActiveCfg = Debug|Any CPU
		{9FA05CF7-FD07-42C0-81FF-2B956048CD26}.Debug|Any CPU.Build.0 = Debug|Any CPU
		{9FA05CF7-FD07-42C0-81FF-2B956048CD26}.Release|Any CPU.ActiveCfg = Release|Any CPU
		{9FA05CF7-FD07-42C0-81FF-2B956048CD26}.Release|Any CPU.Build.0 = Release|Any CPU
		{27EBC372-DBA5-44C3-8B3F-63B4693D6629}.Debug|Any CPU.ActiveCfg = Debug|Any CPU
		{27EBC372-DBA5-44C3-8B3F-63B4693D6629}.Debug|Any CPU.Build.0 = Debug|Any CPU
		{27EBC372-DBA5-44C3-8B3F-63B4693D6629}.Release|Any CPU.ActiveCfg = Release|Any CPU
		{27EBC372-DBA5-44C3-8B3F-63B4693D6629}.Release|Any CPU.Build.0 = Release|Any CPU
		{5FABA795-94DB-48E8-B190-4DBF3C2C55C6}.Debug|Any CPU.ActiveCfg = Debug|Any CPU
		{5FABA795-94DB-48E8-B190-4DBF3C2C55C6}.Debug|Any CPU.Build.0 = Debug|Any CPU
		{5FABA795-94DB-48E8-B190-4DBF3C2C55C6}.Release|Any CPU.ActiveCfg = Release|Any CPU
		{5FABA795-94DB-48E8-B190-4DBF3C2C55C6}.Release|Any CPU.Build.0 = Release|Any CPU
		{26C9289F-8102-460F-A85C-B26152A17646}.Debug|Any CPU.ActiveCfg = Debug|Any CPU
		{26C9289F-8102-460F-A85C-B26152A17646}.Debug|Any CPU.Build.0 = Debug|Any CPU
		{26C9289F-8102-460F-A85C-B26152A17646}.Release|Any CPU.ActiveCfg = Release|Any CPU
		{26C9289F-8102-460F-A85C-B26152A17646}.Release|Any CPU.Build.0 = Release|Any CPU
		{AAA85147-DEA9-4762-9B1C-D1246DF906CA}.Debug|Any CPU.ActiveCfg = Debug|Any CPU
		{AAA85147-DEA9-4762-9B1C-D1246DF906CA}.Debug|Any CPU.Build.0 = Debug|Any CPU
		{AAA85147-DEA9-4762-9B1C-D1246DF906CA}.Release|Any CPU.ActiveCfg = Release|Any CPU
		{AAA85147-DEA9-4762-9B1C-D1246DF906CA}.Release|Any CPU.Build.0 = Release|Any CPU
		{329A6E99-1CE3-48A9-B84D-C8BF3EB60593}.Debug|Any CPU.ActiveCfg = Debug|Any CPU
		{329A6E99-1CE3-48A9-B84D-C8BF3EB60593}.Debug|Any CPU.Build.0 = Debug|Any CPU
		{329A6E99-1CE3-48A9-B84D-C8BF3EB60593}.Release|Any CPU.ActiveCfg = Release|Any CPU
		{329A6E99-1CE3-48A9-B84D-C8BF3EB60593}.Release|Any CPU.Build.0 = Release|Any CPU
		{1C04124B-9C32-4C2D-B2E0-7CB1047CD891}.Debug|Any CPU.ActiveCfg = Debug|Any CPU
		{1C04124B-9C32-4C2D-B2E0-7CB1047CD891}.Debug|Any CPU.Build.0 = Debug|Any CPU
		{1C04124B-9C32-4C2D-B2E0-7CB1047CD891}.Release|Any CPU.ActiveCfg = Release|Any CPU
		{1C04124B-9C32-4C2D-B2E0-7CB1047CD891}.Release|Any CPU.Build.0 = Release|Any CPU
		{4B06149A-998F-4FF6-A5F3-2C0CF52F0BA4}.Debug|Any CPU.ActiveCfg = Debug|Any CPU
		{4B06149A-998F-4FF6-A5F3-2C0CF52F0BA4}.Debug|Any CPU.Build.0 = Debug|Any CPU
		{4B06149A-998F-4FF6-A5F3-2C0CF52F0BA4}.Release|Any CPU.ActiveCfg = Release|Any CPU
		{4B06149A-998F-4FF6-A5F3-2C0CF52F0BA4}.Release|Any CPU.Build.0 = Release|Any CPU
		{09EBF348-CD73-4A6C-9963-F564C4105D87}.Debug|Any CPU.ActiveCfg = Debug|Any CPU
		{09EBF348-CD73-4A6C-9963-F564C4105D87}.Debug|Any CPU.Build.0 = Debug|Any CPU
		{09EBF348-CD73-4A6C-9963-F564C4105D87}.Release|Any CPU.ActiveCfg = Release|Any CPU
		{09EBF348-CD73-4A6C-9963-F564C4105D87}.Release|Any CPU.Build.0 = Release|Any CPU
		{31575545-F57A-4D75-A076-2A7F7443EB93}.Debug|Any CPU.ActiveCfg = Debug|Any CPU
		{31575545-F57A-4D75-A076-2A7F7443EB93}.Debug|Any CPU.Build.0 = Debug|Any CPU
		{31575545-F57A-4D75-A076-2A7F7443EB93}.Release|Any CPU.ActiveCfg = Release|Any CPU
		{31575545-F57A-4D75-A076-2A7F7443EB93}.Release|Any CPU.Build.0 = Release|Any CPU
		{F9D8BF0C-1643-4A4A-AF6B-E51CC3438241}.Debug|Any CPU.ActiveCfg = Debug|Any CPU
		{F9D8BF0C-1643-4A4A-AF6B-E51CC3438241}.Debug|Any CPU.Build.0 = Debug|Any CPU
		{F9D8BF0C-1643-4A4A-AF6B-E51CC3438241}.Release|Any CPU.ActiveCfg = Release|Any CPU
		{F9D8BF0C-1643-4A4A-AF6B-E51CC3438241}.Release|Any CPU.Build.0 = Release|Any CPU
		{DE5B9557-B718-45D6-BDE9-1BBFC7A254FE}.Debug|Any CPU.ActiveCfg = Debug|Any CPU
		{DE5B9557-B718-45D6-BDE9-1BBFC7A254FE}.Debug|Any CPU.Build.0 = Debug|Any CPU
		{DE5B9557-B718-45D6-BDE9-1BBFC7A254FE}.Release|Any CPU.ActiveCfg = Release|Any CPU
		{DE5B9557-B718-45D6-BDE9-1BBFC7A254FE}.Release|Any CPU.Build.0 = Release|Any CPU
		{CE7399B3-F067-4360-A3E4-79CD2C814ED6}.Debug|Any CPU.ActiveCfg = Debug|Any CPU
		{CE7399B3-F067-4360-A3E4-79CD2C814ED6}.Debug|Any CPU.Build.0 = Debug|Any CPU
		{CE7399B3-F067-4360-A3E4-79CD2C814ED6}.Release|Any CPU.ActiveCfg = Release|Any CPU
		{CE7399B3-F067-4360-A3E4-79CD2C814ED6}.Release|Any CPU.Build.0 = Release|Any CPU
		{63BF39CD-E5F6-4A1C-8F34-7281688DAF56}.Debug|Any CPU.ActiveCfg = Debug|Any CPU
		{63BF39CD-E5F6-4A1C-8F34-7281688DAF56}.Debug|Any CPU.Build.0 = Debug|Any CPU
		{63BF39CD-E5F6-4A1C-8F34-7281688DAF56}.Release|Any CPU.ActiveCfg = Release|Any CPU
		{63BF39CD-E5F6-4A1C-8F34-7281688DAF56}.Release|Any CPU.Build.0 = Release|Any CPU
		{ADFB7036-2699-4AE5-A174-FF7F4FC24AEE}.Debug|Any CPU.ActiveCfg = Debug|Any CPU
		{ADFB7036-2699-4AE5-A174-FF7F4FC24AEE}.Debug|Any CPU.Build.0 = Debug|Any CPU
		{ADFB7036-2699-4AE5-A174-FF7F4FC24AEE}.Release|Any CPU.ActiveCfg = Release|Any CPU
		{ADFB7036-2699-4AE5-A174-FF7F4FC24AEE}.Release|Any CPU.Build.0 = Release|Any CPU
		{C7F35F19-E2EA-4FDF-A6F1-A826F1BA8883}.Debug|Any CPU.ActiveCfg = Debug|Any CPU
		{C7F35F19-E2EA-4FDF-A6F1-A826F1BA8883}.Debug|Any CPU.Build.0 = Debug|Any CPU
		{C7F35F19-E2EA-4FDF-A6F1-A826F1BA8883}.Release|Any CPU.ActiveCfg = Release|Any CPU
		{C7F35F19-E2EA-4FDF-A6F1-A826F1BA8883}.Release|Any CPU.Build.0 = Release|Any CPU
		{FE326195-0D95-4421-BB09-3CCDDF183905}.Debug|Any CPU.ActiveCfg = Debug|Any CPU
		{FE326195-0D95-4421-BB09-3CCDDF183905}.Debug|Any CPU.Build.0 = Debug|Any CPU
		{FE326195-0D95-4421-BB09-3CCDDF183905}.Release|Any CPU.ActiveCfg = Release|Any CPU
		{FE326195-0D95-4421-BB09-3CCDDF183905}.Release|Any CPU.Build.0 = Release|Any CPU
		{CE7E2C62-EA95-4721-9D83-F30802A60698}.Debug|Any CPU.ActiveCfg = Debug|Any CPU
		{CE7E2C62-EA95-4721-9D83-F30802A60698}.Debug|Any CPU.Build.0 = Debug|Any CPU
		{CE7E2C62-EA95-4721-9D83-F30802A60698}.Release|Any CPU.ActiveCfg = Release|Any CPU
		{CE7E2C62-EA95-4721-9D83-F30802A60698}.Release|Any CPU.Build.0 = Release|Any CPU
		{1E22DB25-A283-473D-9D8D-26A5DA26CEF7}.Debug|Any CPU.ActiveCfg = Debug|Any CPU
		{1E22DB25-A283-473D-9D8D-26A5DA26CEF7}.Debug|Any CPU.Build.0 = Debug|Any CPU
		{1E22DB25-A283-473D-9D8D-26A5DA26CEF7}.Release|Any CPU.ActiveCfg = Release|Any CPU
		{1E22DB25-A283-473D-9D8D-26A5DA26CEF7}.Release|Any CPU.Build.0 = Release|Any CPU
		{5A529600-B130-4A79-B9F8-99F97ABACABF}.Debug|Any CPU.ActiveCfg = Debug|Any CPU
		{5A529600-B130-4A79-B9F8-99F97ABACABF}.Debug|Any CPU.Build.0 = Debug|Any CPU
		{5A529600-B130-4A79-B9F8-99F97ABACABF}.Release|Any CPU.ActiveCfg = Release|Any CPU
		{5A529600-B130-4A79-B9F8-99F97ABACABF}.Release|Any CPU.Build.0 = Release|Any CPU
		{73CCEE06-23B2-4487-A274-03164090D6DF}.Debug|Any CPU.ActiveCfg = Debug|Any CPU
		{73CCEE06-23B2-4487-A274-03164090D6DF}.Debug|Any CPU.Build.0 = Debug|Any CPU
		{73CCEE06-23B2-4487-A274-03164090D6DF}.Release|Any CPU.ActiveCfg = Release|Any CPU
		{73CCEE06-23B2-4487-A274-03164090D6DF}.Release|Any CPU.Build.0 = Release|Any CPU
		{908E3935-0A76-4DD7-8CD2-1AE54A97E9C1}.Debug|Any CPU.ActiveCfg = Debug|Any CPU
		{908E3935-0A76-4DD7-8CD2-1AE54A97E9C1}.Debug|Any CPU.Build.0 = Debug|Any CPU
		{908E3935-0A76-4DD7-8CD2-1AE54A97E9C1}.Release|Any CPU.ActiveCfg = Release|Any CPU
		{908E3935-0A76-4DD7-8CD2-1AE54A97E9C1}.Release|Any CPU.Build.0 = Release|Any CPU
		{FF663DCD-A0ED-44E0-9595-EA3E3BCB73EE}.Debug|Any CPU.ActiveCfg = Debug|Any CPU
		{FF663DCD-A0ED-44E0-9595-EA3E3BCB73EE}.Debug|Any CPU.Build.0 = Debug|Any CPU
		{FF663DCD-A0ED-44E0-9595-EA3E3BCB73EE}.Release|Any CPU.ActiveCfg = Release|Any CPU
		{FF663DCD-A0ED-44E0-9595-EA3E3BCB73EE}.Release|Any CPU.Build.0 = Release|Any CPU
		{3E1F8C0D-DC4A-4B0F-8DD5-CF46DA4EFC8F}.Debug|Any CPU.ActiveCfg = Debug|Any CPU
		{3E1F8C0D-DC4A-4B0F-8DD5-CF46DA4EFC8F}.Debug|Any CPU.Build.0 = Debug|Any CPU
		{3E1F8C0D-DC4A-4B0F-8DD5-CF46DA4EFC8F}.Release|Any CPU.ActiveCfg = Release|Any CPU
		{3E1F8C0D-DC4A-4B0F-8DD5-CF46DA4EFC8F}.Release|Any CPU.Build.0 = Release|Any CPU
		{9B098C7D-2A8F-4CB0-AFD5-C959608D0EF6}.Debug|Any CPU.ActiveCfg = Debug|Any CPU
		{9B098C7D-2A8F-4CB0-AFD5-C959608D0EF6}.Debug|Any CPU.Build.0 = Debug|Any CPU
		{9B098C7D-2A8F-4CB0-AFD5-C959608D0EF6}.Release|Any CPU.ActiveCfg = Release|Any CPU
		{9B098C7D-2A8F-4CB0-AFD5-C959608D0EF6}.Release|Any CPU.Build.0 = Release|Any CPU
	EndGlobalSection
	GlobalSection(SolutionProperties) = preSolution
		HideSolutionNode = FALSE
	EndGlobalSection
	GlobalSection(NestedProjects) = preSolution
		{158D7932-40A0-4537-8BFD-7F2FC7E4D3CC} = {E53E8BBF-1BC7-44D4-84CC-E1E5403A6ABC}
		{CE7399B3-F067-4360-A3E4-79CD2C814ED6} = {158D7932-40A0-4537-8BFD-7F2FC7E4D3CC}
		{B2F74AF2-20F7-4C7F-AF5B-0BEA6964E65E} = {E53E8BBF-1BC7-44D4-84CC-E1E5403A6ABC}
		{63BF39CD-E5F6-4A1C-8F34-7281688DAF56} = {B2F74AF2-20F7-4C7F-AF5B-0BEA6964E65E}
		{3D1A9008-6381-476D-999C-9D27C5233CBF} = {E53E8BBF-1BC7-44D4-84CC-E1E5403A6ABC}
		{ADFB7036-2699-4AE5-A174-FF7F4FC24AEE} = {3D1A9008-6381-476D-999C-9D27C5233CBF}
		{C7F35F19-E2EA-4FDF-A6F1-A826F1BA8883} = {C3AB1D2C-4D45-4C58-A733-84BB31BF02C6}
		{FE326195-0D95-4421-BB09-3CCDDF183905} = {C3AB1D2C-4D45-4C58-A733-84BB31BF02C6}
		{06CA8DDE-1AE6-4E09-8226-2F2ED2575E16} = {517FAAA5-B91E-4AF1-9329-AC5860A1D902}
		{8AB8D819-CD4F-4233-9C91-81A9D4C79AF3} = {517FAAA5-B91E-4AF1-9329-AC5860A1D902}
		{CE7E2C62-EA95-4721-9D83-F30802A60698} = {8AB8D819-CD4F-4233-9C91-81A9D4C79AF3}
		{21F74221-FF49-401A-B278-FC25A46E4AAD} = {D13A1958-5CC4-4087-A01E-62038324B005}
		{DA40417F-CD8D-4B4A-985F-1F6147D7D0C5} = {D13A1958-5CC4-4087-A01E-62038324B005}
		{4A417EE3-BD61-4F06-9E87-24E530D3DBC8} = {D13A1958-5CC4-4087-A01E-62038324B005}
		{1E22DB25-A283-473D-9D8D-26A5DA26CEF7} = {4A417EE3-BD61-4F06-9E87-24E530D3DBC8}
		{5A529600-B130-4A79-B9F8-99F97ABACABF} = {21F74221-FF49-401A-B278-FC25A46E4AAD}
		{73CCEE06-23B2-4487-A274-03164090D6DF} = {DA40417F-CD8D-4B4A-985F-1F6147D7D0C5}
		{908E3935-0A76-4DD7-8CD2-1AE54A97E9C1} = {06CA8DDE-1AE6-4E09-8226-2F2ED2575E16}
		{FF663DCD-A0ED-44E0-9595-EA3E3BCB73EE} = {5BB2C399-33E6-4E84-9334-59AFCBE96397}
		{3E1F8C0D-DC4A-4B0F-8DD5-CF46DA4EFC8F} = {F3F0060F-2C03-45DD-B218-3D47B2D7AC8E}
		{9B098C7D-2A8F-4CB0-AFD5-C959608D0EF6} = {378D56DB-1E94-43C9-9C1D-2721DCC87F9C}
	EndGlobalSection
	GlobalSection(ExtensibilityGlobals) = postSolution
		SolutionGuid = {38B85544-AC00-4B67-B951-9BF45A2D22B6}
	EndGlobalSection
EndGlobal
