
Microsoft Visual Studio Solution File, Format Version 12.00
# Visual Studio Version 17
VisualStudioVersion = 17.7.34009.444
MinimumVisualStudioVersion = 10.0.40219.1
Project("{9A19103F-16F7-4668-BE54-9A1E7A4F7556}") = "000.1-Basvuru1soru", "000.1-Basvuru1soru\000.1-Basvuru1soru.csproj", "{5463FCD3-D551-4E79-80BB-8EE7AC05519B}"
EndProject
Project("{9A19103F-16F7-4668-BE54-9A1E7A4F7556}") = "000.2-Basvuru2soru", "000.2-Basvuru2soru\000.2-Basvuru2soru.csproj", "{132CEF3E-CEF7-464D-AF51-A79EC5E1E437}"
EndProject
Project("{9A19103F-16F7-4668-BE54-9A1E7A4F7556}") = "001.01-Try_catch", "001.01-Try_catch\001.01-Try_catch.csproj", "{9FA05CF7-FD07-42C0-81FF-2B956048CD26}"
EndProject
Project("{9A19103F-16F7-4668-BE54-9A1E7A4F7556}") = "002.01-OOP", "002.01-OOP\002.01-OOP.csproj", "{27EBC372-DBA5-44C3-8B3F-63B4693D6629}"
EndProject
Project("{9A19103F-16F7-4668-BE54-9A1E7A4F7556}") = "002.02-OOPExercise", "002.02-OOPExercise\002.02-OOPExercise.csproj", "{5FABA795-94DB-48E8-B190-4DBF3C2C55C6}"
EndProject
Project("{9A19103F-16F7-4668-BE54-9A1E7A4F7556}") = "003.01-ReferenceTypeValueType", "003.01-ReferenceTypeValueType\003.01-ReferenceTypeValueType.csproj", "{26C9289F-8102-460F-A85C-B26152A17646}"
EndProject
Project("{9A19103F-16F7-4668-BE54-9A1E7A4F7556}") = "002.03-OOPExercise", "002.03-OOPExercise\002.03-OOPExercise.csproj", "{AAA85147-DEA9-4762-9B1C-D1246DF906CA}"
EndProject
Project("{9A19103F-16F7-4668-BE54-9A1E7A4F7556}") = "004.01-AccsessControlLog", "004.01-AccsessControlLog\004.01-AccsessControlLog.csproj", "{329A6E99-1CE3-48A9-B84D-C8BF3EB60593}"
EndProject
Project("{2150E333-8FDC-42A3-9474-1A3956D46DE8}") = "Solution Items", "Solution Items", "{93C2948D-AA3F-4BF5-9D5D-B1AD1F677898}"
	ProjectSection(SolutionItems) = preProject
		.editorconfig = .editorconfig
		000.0-Used files\AccessControlLogs.txt = 000.0-Used files\AccessControlLogs.txt
	EndProjectSection
EndProject
Project("{9A19103F-16F7-4668-BE54-9A1E7A4F7556}") = "004.02-EncapsulationExercise", "004.02-EncapsulationExercise\004.02-EncapsulationExercise.csproj", "{1C04124B-9C32-4C2D-B2E0-7CB1047CD891}"
EndProject
Project("{9A19103F-16F7-4668-BE54-9A1E7A4F7556}") = "004.03-SpotifyExercise", "004.03-SpotifyExercise\004.03-SpotifyExercise.csproj", "{4B06149A-998F-4FF6-A5F3-2C0CF52F0BA4}"
EndProject
Project("{9A19103F-16F7-4668-BE54-9A1E7A4F7556}") = "004.04-InheritanceExample", "004.04-InheritanceExample\004.04-InheritanceExample.csproj", "{09EBF348-CD73-4A6C-9963-F564C4105D87}"
EndProject
Project("{9A19103F-16F7-4668-BE54-9A1E7A4F7556}") = "004.05-CalendarApp", "004.05-CalendarApp\004.05-CalendarApp.csproj", "{31575545-F57A-4D75-A076-2A7F7443EB93}"
EndProject
Project("{9A19103F-16F7-4668-BE54-9A1E7A4F7556}") = "004.06-InterfaceExample", "004.06-InterfaceExample\004.06-InterfaceExample.csproj", "{F9D8BF0C-1643-4A4A-AF6B-E51CC3438241}"
EndProject
Project("{9A19103F-16F7-4668-BE54-9A1E7A4F7556}") = "005.01-FreelancerApp", "005.01-FreelancerApp\005.01-FreelancerApp.csproj", "{DE5B9557-B718-45D6-BDE9-1BBFC7A254FE}"
EndProject
Project("{2150E333-8FDC-42A3-9474-1A3956D46DE8}") = "007.01-ShapeAreaCalculator", "007.01-ShapeAreaCalculator", "{E53E8BBF-1BC7-44D4-84CC-E1E5403A6ABC}"
EndProject
Project("{2150E333-8FDC-42A3-9474-1A3956D46DE8}") = "Core", "Core", "{158D7932-40A0-4537-8BFD-7F2FC7E4D3CC}"
EndProject
Project("{FAE04EC0-301F-11D3-BF4B-00C04F79EFBC}") = "ShapeAreaCalculator.Domain", "007.01-ShapeAreaCalculator\Core\ShapeAreaCalculator.Domain\ShapeAreaCalculator.Domain.csproj", "{CE7399B3-F067-4360-A3E4-79CD2C814ED6}"
EndProject
Project("{2150E333-8FDC-42A3-9474-1A3956D46DE8}") = "Infrastructure", "Infrastructure", "{B2F74AF2-20F7-4C7F-AF5B-0BEA6964E65E}"
EndProject
Project("{FAE04EC0-301F-11D3-BF4B-00C04F79EFBC}") = "SAC_long_path.Infrastructure", "007.01-ShapeAreaCalculator\Infrastructure\SAC_long_path.Infrastructure\SAC_long_path.Infrastructure.csproj", "{63BF39CD-E5F6-4A1C-8F34-7281688DAF56}"
EndProject
Project("{2150E333-8FDC-42A3-9474-1A3956D46DE8}") = "Presentation", "Presentation", "{3D1A9008-6381-476D-999C-9D27C5233CBF}"
EndProject
Project("{9A19103F-16F7-4668-BE54-9A1E7A4F7556}") = "ShapeAreaCalculator.Console", "007.01-ShapeAreaCalculator\Presentation\ShapeAreaCalculator.Console\ShapeAreaCalculator.Console.csproj", "{ADFB7036-2699-4AE5-A174-FF7F4FC24AEE}"
EndProject
Project("{2150E333-8FDC-42A3-9474-1A3956D46DE8}") = "005.02", "005.02", "{54CAA9AF-1B28-4C2A-9360-55B6397671C1}"
EndProject
Project("{2150E333-8FDC-42A3-9474-1A3956D46DE8}") = "008.01-PasswordGenerator", "008.01-PasswordGenerator", "{C3AB1D2C-4D45-4C58-A733-84BB31BF02C6}"
EndProject
Project("{9A19103F-16F7-4668-BE54-9A1E7A4F7556}") = "PasswordGenerator.Presentation", "008.01-PasswordGenerator\PasswordGenerator.Presentation\PasswordGenerator.Presentation.csproj", "{C7F35F19-E2EA-4FDF-A6F1-A826F1BA8883}"
EndProject
Project("{FAE04EC0-301F-11D3-BF4B-00C04F79EFBC}") = "Yetgen.PWGenerator", "008.01-PasswordGenerator\Yetgen.PWGenerator\Yetgen.PWGenerator.csproj", "{FE326195-0D95-4421-BB09-3CCDDF183905}"
EndProject
Project("{2150E333-8FDC-42A3-9474-1A3956D46DE8}") = "008.03-Entity and Linq", "008.03-Entity and Linq", "{517FAAA5-B91E-4AF1-9329-AC5860A1D902}"
EndProject
Project("{2150E333-8FDC-42A3-9474-1A3956D46DE8}") = "Entities", "Entities", "{06CA8DDE-1AE6-4E09-8226-2F2ED2575E16}"
EndProject
Project("{2150E333-8FDC-42A3-9474-1A3956D46DE8}") = "Linq", "Linq", "{8AB8D819-CD4F-4233-9C91-81A9D4C79AF3}"
EndProject
Project("{9A19103F-16F7-4668-BE54-9A1E7A4F7556}") = "Linq.Main", "008.03-Entity and Linq\Linq\Linq.Main\Linq.Main.csproj", "{CE7E2C62-EA95-4721-9D83-F30802A60698}"
EndProject
Project("{2150E333-8FDC-42A3-9474-1A3956D46DE8}") = "009.01-ProductMVC", "009.01-ProductMVC", "{D13A1958-5CC4-4087-A01E-62038324B005}"
EndProject
Project("{2150E333-8FDC-42A3-9474-1A3956D46DE8}") = "Core", "Core", "{21F74221-FF49-401A-B278-FC25A46E4AAD}"
EndProject
Project("{2150E333-8FDC-42A3-9474-1A3956D46DE8}") = "Infrastructure", "Infrastructure", "{DA40417F-CD8D-4B4A-985F-1F6147D7D0C5}"
EndProject
Project("{2150E333-8FDC-42A3-9474-1A3956D46DE8}") = "Presentation", "Presentation", "{4A417EE3-BD61-4F06-9E87-24E530D3DBC8}"
EndProject
Project("{9A19103F-16F7-4668-BE54-9A1E7A4F7556}") = "Productify.MVC", "009.01\Presentation\Productify.MVC\Productify.MVC.csproj", "{1E22DB25-A283-473D-9D8D-26A5DA26CEF7}"
EndProject
Project("{9A19103F-16F7-4668-BE54-9A1E7A4F7556}") = "Productify.Persistence", "009.01\Infrastructure\Persistence\Productify.Persistence.csproj", "{73CCEE06-23B2-4487-A274-03164090D6DF}"
EndProject
Project("{9A19103F-16F7-4668-BE54-9A1E7A4F7556}") = "Enttites", "008.03-Entity and Linq\Enttites\Enttites\Enttites.csproj", "{908E3935-0A76-4DD7-8CD2-1AE54A97E9C1}"
EndProject
Project("{2150E333-8FDC-42A3-9474-1A3956D46DE8}") = "000.3-OpenAIConsoleClient", "000.3-OpenAIConsoleClient", "{5BB2C399-33E6-4E84-9334-59AFCBE96397}"
EndProject
Project("{9A19103F-16F7-4668-BE54-9A1E7A4F7556}") = "OpenAI.Console.Client", "000.3-OpenAIConsoleClient\OpenAI.Console.Client\OpenAI.Console.Client.csproj", "{FF663DCD-A0ED-44E0-9595-EA3E3BCB73EE}"
EndProject
Project("{2150E333-8FDC-42A3-9474-1A3956D46DE8}") = "010.01-OpenAIAPI", "010.01-OpenAIAPI", "{F3F0060F-2C03-45DD-B218-3D47B2D7AC8E}"
EndProject
Project("{9A19103F-16F7-4668-BE54-9A1E7A4F7556}") = "OpenAIAPI", "010.01-OpenAIAPI\OpenAIAPI\OpenAIAPI.csproj", "{3E1F8C0D-DC4A-4B0F-8DD5-CF46DA4EFC8F}"
EndProject
Project("{2150E333-8FDC-42A3-9474-1A3956D46DE8}") = "010.02-PostgreSQL", "010.02-PostgreSQL", "{378D56DB-1E94-43C9-9C1D-2721DCC87F9C}"
EndProject
Project("{9A19103F-16F7-4668-BE54-9A1E7A4F7556}") = "PostgreSQL_EFC", "010.02-PostgreSQL\PostgreSQL_EFC\PostgreSQL_EFC.csproj", "{9B098C7D-2A8F-4CB0-AFD5-C959608D0EF6}"
EndProject
Project("{2150E333-8FDC-42A3-9474-1A3956D46DE8}") = "011.01-Redro", "011.01-Redro", "{ED069AEE-1B01-4D1B-B749-C93B6659B91F}"
EndProject
Project("{2150E333-8FDC-42A3-9474-1A3956D46DE8}") = "Core", "Core", "{27CA905D-182C-4A49-9274-030455E47A47}"
EndProject
Project("{2150E333-8FDC-42A3-9474-1A3956D46DE8}") = "Infrastructure", "Infrastructure", "{7597DEE0-A8BC-45CC-9F83-BF8E43C6D488}"
EndProject
Project("{2150E333-8FDC-42A3-9474-1A3956D46DE8}") = "Presenation", "Presenation", "{464075D9-1172-4F7B-AC8B-856CFB480CD9}"
EndProject
Project("{9A19103F-16F7-4668-BE54-9A1E7A4F7556}") = "RedoMusic.Domain", "011.01-Redro\Core\RedoMusic.Domain\RedoMusic.Domain.csproj", "{39DCFA4C-808C-4A92-833F-B4B2103B5B28}"
EndProject
Project("{9A19103F-16F7-4668-BE54-9A1E7A4F7556}") = "RedoMusic.MVC", "011.01-Redro\Presentation\RedoMusic.MVC\RedoMusic.MVC.csproj", "{BC363344-C379-4AAC-9119-6084175470D3}"
EndProject
Project("{9A19103F-16F7-4668-BE54-9A1E7A4F7556}") = "RedoMusic.Persistence", "011.01-Redro\Infrastructure\RedoMusic.Persistence\RedoMusic.Persistence.csproj", "{7DBA7920-3E8F-44C8-82A9-37EDE17FE0D5}"
EndProject
Project("{9A19103F-16F7-4668-BE54-9A1E7A4F7556}") = "Productify.Domain", "009.01\Core\Productify.Domain\Productify.Domain.csproj", "{6C160C38-4C25-4182-B21F-FB3B8D6DA3B3}"
EndProject
Project("{2150E333-8FDC-42A3-9474-1A3956D46DE8}") = "012.01-Web_API", "012.01-Web_API", "{56BF3D5F-7FCE-43DB-B9A5-4525F12CB1FD}"
EndProject
Project("{2150E333-8FDC-42A3-9474-1A3956D46DE8}") = "012.02-ChangeTrackerPreparation", "012.02-ChangeTrackerPreparation", "{4B94C0B4-9ECC-4CBC-8244-A13A0528A59C}"
EndProject
Project("{9A19103F-16F7-4668-BE54-9A1E7A4F7556}") = "PreparationChangeTracker", "012.02-ChangeTrackerPreparation\PreparationChangeTracker\PreparationChangeTracker.csproj", "{29E834B8-B088-4B26-BAF3-1D40DB245421}"
EndProject
Project("{2150E333-8FDC-42A3-9474-1A3956D46DE8}") = "013.01-Postman", "013.01-Postman", "{CD0BF10E-C73A-48B3-8714-1444E2F7FDA6}"
EndProject
Project("{2150E333-8FDC-42A3-9474-1A3956D46DE8}") = "Core", "Core", "{FAFA56E9-3D23-4EF7-A742-00C69057495D}"
EndProject
Project("{2150E333-8FDC-42A3-9474-1A3956D46DE8}") = "Infrastructure", "Infrastructure", "{85673B3A-F3C2-4ACD-B767-ED39331F1027}"
EndProject
Project("{2150E333-8FDC-42A3-9474-1A3956D46DE8}") = "Presentation", "Presentation", "{C3318378-C0C4-44F0-A854-EE3923E99B7D}"
EndProject
Project("{9A19103F-16F7-4668-BE54-9A1E7A4F7556}") = "Postman.API", "013.01-Postman\Presentation\Postman.API\Postman.API.csproj", "{5BE2047A-A44A-414A-9E17-DDB6C09DD102}"
EndProject
Project("{9A19103F-16F7-4668-BE54-9A1E7A4F7556}") = "Postman.Persistence", "013.01-Postman\Infrastructure\Postman.Persistence\Postman.Persistence.csproj", "{BFF46BD9-EF93-4F99-AAFC-F14CC6D2EFE5}"
EndProject
Project("{9A19103F-16F7-4668-BE54-9A1E7A4F7556}") = "Postman.Domain", "013.01-Postman\Core\Postman.Domain\Postman.Domain.csproj", "{8FCDD37A-1E90-4649-AB16-175022CE63DD}"
EndProject
Project("{9A19103F-16F7-4668-BE54-9A1E7A4F7556}") = "PasswordGenerator.MVCClient", "008.01-PasswordGenerator\PasswordGenerator.MVCClient\PasswordGenerator.MVCClient.csproj", "{96657472-9E7F-4A9E-967D-8EE749AE2F22}"
EndProject
Project("{9A19103F-16F7-4668-BE54-9A1E7A4F7556}") = "WebAPI.Domain", "012.01-Web_API\WebAPI.Domain\WebAPI.Domain.csproj", "{FCF43311-AAE8-49A4-8438-61E28D33487D}"
EndProject
Project("{9A19103F-16F7-4668-BE54-9A1E7A4F7556}") = "WebAPI.API", "012.01-Web_API\WebAPI.API\WebAPI.API.csproj", "{34F27E51-1851-4D80-8956-867FFF92E8D3}"
EndProject
Project("{9A19103F-16F7-4668-BE54-9A1E7A4F7556}") = "WebAPI.MVCClient", "012.01-Web_API\WebAPI.MVCClient\WebAPI.MVCClient.csproj", "{82BA9964-E033-46E9-91C4-D41352D8AC62}"
EndProject
Project("{9A19103F-16F7-4668-BE54-9A1E7A4F7556}") = "WebAPI.BlazorClient", "012.01-Web_API\WebAPI.BlazorClient\WebAPI.BlazorClient.csproj", "{CBE2A3DF-74B2-428D-9761-904356290288}"
EndProject
Project("{2150E333-8FDC-42A3-9474-1A3956D46DE8}") = "014.01-DependencyInjectionAndMultiLanguage", "014.01-DependencyInjectionAndMultiLanguage", "{57C60D6D-799A-4CDD-86EE-F111730C8823}"
EndProject
Project("{9A19103F-16F7-4668-BE54-9A1E7A4F7556}") = "DIAML.Api", "014.01-DependencyInjectionAndMultiLanguage\DIAML.Api\DIAML.Api.csproj", "{72E073CF-D2DF-43DD-B302-51B0BCD4F607}"
EndProject
Project("{9A19103F-16F7-4668-BE54-9A1E7A4F7556}") = "DIAML.Shared", "014.01-DependencyInjectionAndMultiLanguage\DIAML.Shared\DIAML.Shared.csproj", "{B29B2B11-2E70-424C-8771-21F79386081E}"
EndProject
Project("{9A19103F-16F7-4668-BE54-9A1E7A4F7556}") = "DIAML.BlazorDI", "014.01-DependencyInjectionAndMultiLanguage\DIAML.BlazorDI\DIAML.BlazorDI.csproj", "{4516B848-81B5-429C-8231-C9EC860EF5E1}"
EndProject
Project("{2150E333-8FDC-42A3-9474-1A3956D46DE8}") = "014.02-DIAndDInjection", "014.02-DIAndDInjection", "{E7018D26-3D74-4663-BB49-C877D1229EB4}"
EndProject
Project("{9A19103F-16F7-4668-BE54-9A1E7A4F7556}") = "DIAndDInjection.Shared", "014.02-DIAndDInjection\DIAndDInjection.Shared\DIAndDInjection.Shared.csproj", "{A577273C-2C4F-4F58-B4F0-BCBA1A2F9219}"
EndProject
Project("{9A19103F-16F7-4668-BE54-9A1E7A4F7556}") = "DIAndDInjection.Api", "014.02-DIAndDInjection\DIAndDInjection.Api\DIAndDInjection.Api.csproj", "{0DF7B4D3-ADC5-4DDB-B165-26F8B9693D78}"
EndProject
Project("{2150E333-8FDC-42A3-9474-1A3956D46DE8}") = "015.01-HashingAndFluentApi", "015.01-HashingAndFluentApi", "{4142C174-CD7A-43D5-83BA-02BBD2B06159}"
EndProject
Project("{9A19103F-16F7-4668-BE54-9A1E7A4F7556}") = "HashingAndFluentApi.Domain", "015.01-HashingAndFluentApi\HashingAndFluentApi.Domain\HashingAndFluentApi.Domain.csproj", "{EF108AE6-2590-450B-B6C0-2DAD863A842F}"
EndProject
Project("{9A19103F-16F7-4668-BE54-9A1E7A4F7556}") = "HashingAndFluentApi.Persistence", "015.01-HashingAndFluentApi\HashingAndFluentApi.Persistence\HashingAndFluentApi.Persistence.csproj", "{EE2874AC-A679-4768-B4A2-8C6AA79F38DC}"
EndProject
Project("{9A19103F-16F7-4668-BE54-9A1E7A4F7556}") = "015.01-HashingAndFluentApi.Api", "015.01-HashingAndFluentApi\015.01-HashingAndFluentApi.Api\015.01-HashingAndFluentApi.Api.csproj", "{D4B3FB2C-F956-494E-B9D4-49F3610FC2BC}"
EndProject
Project("{2150E333-8FDC-42A3-9474-1A3956D46DE8}") = "014.03-Singleton1", "014.03-Singleton1", "{A58DFA65-4A82-42BC-AF66-BE219D8AF57A}"
EndProject
Project("{2150E333-8FDC-42A3-9474-1A3956D46DE8}") = "Core", "Core", "{83CA6B0A-3F40-45DE-A562-72932722E350}"
EndProject
Project("{2150E333-8FDC-42A3-9474-1A3956D46DE8}") = "Infrastructure", "Infrastructure", "{8EA810B2-631C-4995-AE88-8B136154ACFC}"
EndProject
Project("{2150E333-8FDC-42A3-9474-1A3956D46DE8}") = "Presentation", "Presentation", "{70A0A699-B92B-49BA-9B26-5A7BAB75AA58}"
EndProject
Project("{9A19103F-16F7-4668-BE54-9A1E7A4F7556}") = "Singleton1.Domain", "014.03-Singleton1\Core\Singleton1.Domain\Singleton1.Domain.csproj", "{00CB47A9-EB6C-4105-A267-DCAC0993330E}"
EndProject
Project("{9A19103F-16F7-4668-BE54-9A1E7A4F7556}") = "Singleton1.Infrastructure", "014.03-Singleton1\Infrastructure\Singleton1.Infrastructure\Singleton1.Infrastructure.csproj", "{1870BD63-D815-4B08-8468-F990DAD0B0A1}"
EndProject
Project("{9A19103F-16F7-4668-BE54-9A1E7A4F7556}") = "Singleton1.Persistence", "014.03-Singleton1\Infrastructure\Singleton1.Persistence\Singleton1.Persistence.csproj", "{8B9A6357-63B0-4130-BA3F-C6C6B3D4B217}"
EndProject
Project("{9A19103F-16F7-4668-BE54-9A1E7A4F7556}") = "Singleton1.Api", "014.03-Singleton1\Presentation\Singleton1.Api\Singleton1.Api.csproj", "{D98F2EC9-3D14-458B-98C2-57B490798DDB}"
EndProject
Project("{9A19103F-16F7-4668-BE54-9A1E7A4F7556}") = "Singleton1.Application", "014.03-Singleton1\Core\Singleton1.Application\Singleton1.Application.csproj", "{056A9B79-80F2-4BD6-A288-CEC510E96013}"
EndProject
Global
	GlobalSection(SolutionConfigurationPlatforms) = preSolution
		Debug|Any CPU = Debug|Any CPU
		Release|Any CPU = Release|Any CPU
	EndGlobalSection
	GlobalSection(ProjectConfigurationPlatforms) = postSolution
		{5463FCD3-D551-4E79-80BB-8EE7AC05519B}.Debug|Any CPU.ActiveCfg = Debug|Any CPU
		{5463FCD3-D551-4E79-80BB-8EE7AC05519B}.Debug|Any CPU.Build.0 = Debug|Any CPU
		{5463FCD3-D551-4E79-80BB-8EE7AC05519B}.Release|Any CPU.ActiveCfg = Release|Any CPU
		{5463FCD3-D551-4E79-80BB-8EE7AC05519B}.Release|Any CPU.Build.0 = Release|Any CPU
		{132CEF3E-CEF7-464D-AF51-A79EC5E1E437}.Debug|Any CPU.ActiveCfg = Debug|Any CPU
		{132CEF3E-CEF7-464D-AF51-A79EC5E1E437}.Debug|Any CPU.Build.0 = Debug|Any CPU
		{132CEF3E-CEF7-464D-AF51-A79EC5E1E437}.Release|Any CPU.ActiveCfg = Release|Any CPU
		{132CEF3E-CEF7-464D-AF51-A79EC5E1E437}.Release|Any CPU.Build.0 = Release|Any CPU
		{9FA05CF7-FD07-42C0-81FF-2B956048CD26}.Debug|Any CPU.ActiveCfg = Debug|Any CPU
		{9FA05CF7-FD07-42C0-81FF-2B956048CD26}.Debug|Any CPU.Build.0 = Debug|Any CPU
		{9FA05CF7-FD07-42C0-81FF-2B956048CD26}.Release|Any CPU.ActiveCfg = Release|Any CPU
		{9FA05CF7-FD07-42C0-81FF-2B956048CD26}.Release|Any CPU.Build.0 = Release|Any CPU
		{27EBC372-DBA5-44C3-8B3F-63B4693D6629}.Debug|Any CPU.ActiveCfg = Debug|Any CPU
		{27EBC372-DBA5-44C3-8B3F-63B4693D6629}.Debug|Any CPU.Build.0 = Debug|Any CPU
		{27EBC372-DBA5-44C3-8B3F-63B4693D6629}.Release|Any CPU.ActiveCfg = Release|Any CPU
		{27EBC372-DBA5-44C3-8B3F-63B4693D6629}.Release|Any CPU.Build.0 = Release|Any CPU
		{5FABA795-94DB-48E8-B190-4DBF3C2C55C6}.Debug|Any CPU.ActiveCfg = Debug|Any CPU
		{5FABA795-94DB-48E8-B190-4DBF3C2C55C6}.Debug|Any CPU.Build.0 = Debug|Any CPU
		{5FABA795-94DB-48E8-B190-4DBF3C2C55C6}.Release|Any CPU.ActiveCfg = Release|Any CPU
		{5FABA795-94DB-48E8-B190-4DBF3C2C55C6}.Release|Any CPU.Build.0 = Release|Any CPU
		{26C9289F-8102-460F-A85C-B26152A17646}.Debug|Any CPU.ActiveCfg = Debug|Any CPU
		{26C9289F-8102-460F-A85C-B26152A17646}.Debug|Any CPU.Build.0 = Debug|Any CPU
		{26C9289F-8102-460F-A85C-B26152A17646}.Release|Any CPU.ActiveCfg = Release|Any CPU
		{26C9289F-8102-460F-A85C-B26152A17646}.Release|Any CPU.Build.0 = Release|Any CPU
		{AAA85147-DEA9-4762-9B1C-D1246DF906CA}.Debug|Any CPU.ActiveCfg = Debug|Any CPU
		{AAA85147-DEA9-4762-9B1C-D1246DF906CA}.Debug|Any CPU.Build.0 = Debug|Any CPU
		{AAA85147-DEA9-4762-9B1C-D1246DF906CA}.Release|Any CPU.ActiveCfg = Release|Any CPU
		{AAA85147-DEA9-4762-9B1C-D1246DF906CA}.Release|Any CPU.Build.0 = Release|Any CPU
		{329A6E99-1CE3-48A9-B84D-C8BF3EB60593}.Debug|Any CPU.ActiveCfg = Debug|Any CPU
		{329A6E99-1CE3-48A9-B84D-C8BF3EB60593}.Debug|Any CPU.Build.0 = Debug|Any CPU
		{329A6E99-1CE3-48A9-B84D-C8BF3EB60593}.Release|Any CPU.ActiveCfg = Release|Any CPU
		{329A6E99-1CE3-48A9-B84D-C8BF3EB60593}.Release|Any CPU.Build.0 = Release|Any CPU
		{1C04124B-9C32-4C2D-B2E0-7CB1047CD891}.Debug|Any CPU.ActiveCfg = Debug|Any CPU
		{1C04124B-9C32-4C2D-B2E0-7CB1047CD891}.Debug|Any CPU.Build.0 = Debug|Any CPU
		{1C04124B-9C32-4C2D-B2E0-7CB1047CD891}.Release|Any CPU.ActiveCfg = Release|Any CPU
		{1C04124B-9C32-4C2D-B2E0-7CB1047CD891}.Release|Any CPU.Build.0 = Release|Any CPU
		{4B06149A-998F-4FF6-A5F3-2C0CF52F0BA4}.Debug|Any CPU.ActiveCfg = Debug|Any CPU
		{4B06149A-998F-4FF6-A5F3-2C0CF52F0BA4}.Debug|Any CPU.Build.0 = Debug|Any CPU
		{4B06149A-998F-4FF6-A5F3-2C0CF52F0BA4}.Release|Any CPU.ActiveCfg = Release|Any CPU
		{4B06149A-998F-4FF6-A5F3-2C0CF52F0BA4}.Release|Any CPU.Build.0 = Release|Any CPU
		{09EBF348-CD73-4A6C-9963-F564C4105D87}.Debug|Any CPU.ActiveCfg = Debug|Any CPU
		{09EBF348-CD73-4A6C-9963-F564C4105D87}.Debug|Any CPU.Build.0 = Debug|Any CPU
		{09EBF348-CD73-4A6C-9963-F564C4105D87}.Release|Any CPU.ActiveCfg = Release|Any CPU
		{09EBF348-CD73-4A6C-9963-F564C4105D87}.Release|Any CPU.Build.0 = Release|Any CPU
		{31575545-F57A-4D75-A076-2A7F7443EB93}.Debug|Any CPU.ActiveCfg = Debug|Any CPU
		{31575545-F57A-4D75-A076-2A7F7443EB93}.Debug|Any CPU.Build.0 = Debug|Any CPU
		{31575545-F57A-4D75-A076-2A7F7443EB93}.Release|Any CPU.ActiveCfg = Release|Any CPU
		{31575545-F57A-4D75-A076-2A7F7443EB93}.Release|Any CPU.Build.0 = Release|Any CPU
		{F9D8BF0C-1643-4A4A-AF6B-E51CC3438241}.Debug|Any CPU.ActiveCfg = Debug|Any CPU
		{F9D8BF0C-1643-4A4A-AF6B-E51CC3438241}.Debug|Any CPU.Build.0 = Debug|Any CPU
		{F9D8BF0C-1643-4A4A-AF6B-E51CC3438241}.Release|Any CPU.ActiveCfg = Release|Any CPU
		{F9D8BF0C-1643-4A4A-AF6B-E51CC3438241}.Release|Any CPU.Build.0 = Release|Any CPU
		{DE5B9557-B718-45D6-BDE9-1BBFC7A254FE}.Debug|Any CPU.ActiveCfg = Debug|Any CPU
		{DE5B9557-B718-45D6-BDE9-1BBFC7A254FE}.Debug|Any CPU.Build.0 = Debug|Any CPU
		{DE5B9557-B718-45D6-BDE9-1BBFC7A254FE}.Release|Any CPU.ActiveCfg = Release|Any CPU
		{DE5B9557-B718-45D6-BDE9-1BBFC7A254FE}.Release|Any CPU.Build.0 = Release|Any CPU
		{CE7399B3-F067-4360-A3E4-79CD2C814ED6}.Debug|Any CPU.ActiveCfg = Debug|Any CPU
		{CE7399B3-F067-4360-A3E4-79CD2C814ED6}.Debug|Any CPU.Build.0 = Debug|Any CPU
		{CE7399B3-F067-4360-A3E4-79CD2C814ED6}.Release|Any CPU.ActiveCfg = Release|Any CPU
		{CE7399B3-F067-4360-A3E4-79CD2C814ED6}.Release|Any CPU.Build.0 = Release|Any CPU
		{63BF39CD-E5F6-4A1C-8F34-7281688DAF56}.Debug|Any CPU.ActiveCfg = Debug|Any CPU
		{63BF39CD-E5F6-4A1C-8F34-7281688DAF56}.Debug|Any CPU.Build.0 = Debug|Any CPU
		{63BF39CD-E5F6-4A1C-8F34-7281688DAF56}.Release|Any CPU.ActiveCfg = Release|Any CPU
		{63BF39CD-E5F6-4A1C-8F34-7281688DAF56}.Release|Any CPU.Build.0 = Release|Any CPU
		{ADFB7036-2699-4AE5-A174-FF7F4FC24AEE}.Debug|Any CPU.ActiveCfg = Debug|Any CPU
		{ADFB7036-2699-4AE5-A174-FF7F4FC24AEE}.Debug|Any CPU.Build.0 = Debug|Any CPU
		{ADFB7036-2699-4AE5-A174-FF7F4FC24AEE}.Release|Any CPU.ActiveCfg = Release|Any CPU
		{ADFB7036-2699-4AE5-A174-FF7F4FC24AEE}.Release|Any CPU.Build.0 = Release|Any CPU
		{C7F35F19-E2EA-4FDF-A6F1-A826F1BA8883}.Debug|Any CPU.ActiveCfg = Debug|Any CPU
		{C7F35F19-E2EA-4FDF-A6F1-A826F1BA8883}.Debug|Any CPU.Build.0 = Debug|Any CPU
		{C7F35F19-E2EA-4FDF-A6F1-A826F1BA8883}.Release|Any CPU.ActiveCfg = Release|Any CPU
		{C7F35F19-E2EA-4FDF-A6F1-A826F1BA8883}.Release|Any CPU.Build.0 = Release|Any CPU
		{FE326195-0D95-4421-BB09-3CCDDF183905}.Debug|Any CPU.ActiveCfg = Debug|Any CPU
		{FE326195-0D95-4421-BB09-3CCDDF183905}.Debug|Any CPU.Build.0 = Debug|Any CPU
		{FE326195-0D95-4421-BB09-3CCDDF183905}.Release|Any CPU.ActiveCfg = Release|Any CPU
		{FE326195-0D95-4421-BB09-3CCDDF183905}.Release|Any CPU.Build.0 = Release|Any CPU
		{CE7E2C62-EA95-4721-9D83-F30802A60698}.Debug|Any CPU.ActiveCfg = Debug|Any CPU
		{CE7E2C62-EA95-4721-9D83-F30802A60698}.Debug|Any CPU.Build.0 = Debug|Any CPU
		{CE7E2C62-EA95-4721-9D83-F30802A60698}.Release|Any CPU.ActiveCfg = Release|Any CPU
		{CE7E2C62-EA95-4721-9D83-F30802A60698}.Release|Any CPU.Build.0 = Release|Any CPU
		{1E22DB25-A283-473D-9D8D-26A5DA26CEF7}.Debug|Any CPU.ActiveCfg = Debug|Any CPU
		{1E22DB25-A283-473D-9D8D-26A5DA26CEF7}.Debug|Any CPU.Build.0 = Debug|Any CPU
		{1E22DB25-A283-473D-9D8D-26A5DA26CEF7}.Release|Any CPU.ActiveCfg = Release|Any CPU
		{1E22DB25-A283-473D-9D8D-26A5DA26CEF7}.Release|Any CPU.Build.0 = Release|Any CPU
		{73CCEE06-23B2-4487-A274-03164090D6DF}.Debug|Any CPU.ActiveCfg = Debug|Any CPU
		{73CCEE06-23B2-4487-A274-03164090D6DF}.Debug|Any CPU.Build.0 = Debug|Any CPU
		{73CCEE06-23B2-4487-A274-03164090D6DF}.Release|Any CPU.ActiveCfg = Release|Any CPU
		{73CCEE06-23B2-4487-A274-03164090D6DF}.Release|Any CPU.Build.0 = Release|Any CPU
		{908E3935-0A76-4DD7-8CD2-1AE54A97E9C1}.Debug|Any CPU.ActiveCfg = Debug|Any CPU
		{908E3935-0A76-4DD7-8CD2-1AE54A97E9C1}.Debug|Any CPU.Build.0 = Debug|Any CPU
		{908E3935-0A76-4DD7-8CD2-1AE54A97E9C1}.Release|Any CPU.ActiveCfg = Release|Any CPU
		{908E3935-0A76-4DD7-8CD2-1AE54A97E9C1}.Release|Any CPU.Build.0 = Release|Any CPU
		{FF663DCD-A0ED-44E0-9595-EA3E3BCB73EE}.Debug|Any CPU.ActiveCfg = Debug|Any CPU
		{FF663DCD-A0ED-44E0-9595-EA3E3BCB73EE}.Debug|Any CPU.Build.0 = Debug|Any CPU
		{FF663DCD-A0ED-44E0-9595-EA3E3BCB73EE}.Release|Any CPU.ActiveCfg = Release|Any CPU
		{FF663DCD-A0ED-44E0-9595-EA3E3BCB73EE}.Release|Any CPU.Build.0 = Release|Any CPU
		{3E1F8C0D-DC4A-4B0F-8DD5-CF46DA4EFC8F}.Debug|Any CPU.ActiveCfg = Debug|Any CPU
		{3E1F8C0D-DC4A-4B0F-8DD5-CF46DA4EFC8F}.Debug|Any CPU.Build.0 = Debug|Any CPU
		{3E1F8C0D-DC4A-4B0F-8DD5-CF46DA4EFC8F}.Release|Any CPU.ActiveCfg = Release|Any CPU
		{3E1F8C0D-DC4A-4B0F-8DD5-CF46DA4EFC8F}.Release|Any CPU.Build.0 = Release|Any CPU
		{9B098C7D-2A8F-4CB0-AFD5-C959608D0EF6}.Debug|Any CPU.ActiveCfg = Debug|Any CPU
		{9B098C7D-2A8F-4CB0-AFD5-C959608D0EF6}.Debug|Any CPU.Build.0 = Debug|Any CPU
		{9B098C7D-2A8F-4CB0-AFD5-C959608D0EF6}.Release|Any CPU.ActiveCfg = Release|Any CPU
		{9B098C7D-2A8F-4CB0-AFD5-C959608D0EF6}.Release|Any CPU.Build.0 = Release|Any CPU
		{39DCFA4C-808C-4A92-833F-B4B2103B5B28}.Debug|Any CPU.ActiveCfg = Debug|Any CPU
		{39DCFA4C-808C-4A92-833F-B4B2103B5B28}.Debug|Any CPU.Build.0 = Debug|Any CPU
		{39DCFA4C-808C-4A92-833F-B4B2103B5B28}.Release|Any CPU.ActiveCfg = Release|Any CPU
		{39DCFA4C-808C-4A92-833F-B4B2103B5B28}.Release|Any CPU.Build.0 = Release|Any CPU
		{BC363344-C379-4AAC-9119-6084175470D3}.Debug|Any CPU.ActiveCfg = Debug|Any CPU
		{BC363344-C379-4AAC-9119-6084175470D3}.Debug|Any CPU.Build.0 = Debug|Any CPU
		{BC363344-C379-4AAC-9119-6084175470D3}.Release|Any CPU.ActiveCfg = Release|Any CPU
		{BC363344-C379-4AAC-9119-6084175470D3}.Release|Any CPU.Build.0 = Release|Any CPU
		{7DBA7920-3E8F-44C8-82A9-37EDE17FE0D5}.Debug|Any CPU.ActiveCfg = Debug|Any CPU
		{7DBA7920-3E8F-44C8-82A9-37EDE17FE0D5}.Debug|Any CPU.Build.0 = Debug|Any CPU
		{7DBA7920-3E8F-44C8-82A9-37EDE17FE0D5}.Release|Any CPU.ActiveCfg = Release|Any CPU
		{7DBA7920-3E8F-44C8-82A9-37EDE17FE0D5}.Release|Any CPU.Build.0 = Release|Any CPU
		{6C160C38-4C25-4182-B21F-FB3B8D6DA3B3}.Debug|Any CPU.ActiveCfg = Debug|Any CPU
		{6C160C38-4C25-4182-B21F-FB3B8D6DA3B3}.Debug|Any CPU.Build.0 = Debug|Any CPU
		{6C160C38-4C25-4182-B21F-FB3B8D6DA3B3}.Release|Any CPU.ActiveCfg = Release|Any CPU
		{6C160C38-4C25-4182-B21F-FB3B8D6DA3B3}.Release|Any CPU.Build.0 = Release|Any CPU
		{29E834B8-B088-4B26-BAF3-1D40DB245421}.Debug|Any CPU.ActiveCfg = Debug|Any CPU
		{29E834B8-B088-4B26-BAF3-1D40DB245421}.Debug|Any CPU.Build.0 = Debug|Any CPU
		{29E834B8-B088-4B26-BAF3-1D40DB245421}.Release|Any CPU.ActiveCfg = Release|Any CPU
		{29E834B8-B088-4B26-BAF3-1D40DB245421}.Release|Any CPU.Build.0 = Release|Any CPU
		{5BE2047A-A44A-414A-9E17-DDB6C09DD102}.Debug|Any CPU.ActiveCfg = Debug|Any CPU
		{5BE2047A-A44A-414A-9E17-DDB6C09DD102}.Debug|Any CPU.Build.0 = Debug|Any CPU
		{5BE2047A-A44A-414A-9E17-DDB6C09DD102}.Release|Any CPU.ActiveCfg = Release|Any CPU
		{5BE2047A-A44A-414A-9E17-DDB6C09DD102}.Release|Any CPU.Build.0 = Release|Any CPU
		{BFF46BD9-EF93-4F99-AAFC-F14CC6D2EFE5}.Debug|Any CPU.ActiveCfg = Debug|Any CPU
		{BFF46BD9-EF93-4F99-AAFC-F14CC6D2EFE5}.Debug|Any CPU.Build.0 = Debug|Any CPU
		{BFF46BD9-EF93-4F99-AAFC-F14CC6D2EFE5}.Release|Any CPU.ActiveCfg = Release|Any CPU
		{BFF46BD9-EF93-4F99-AAFC-F14CC6D2EFE5}.Release|Any CPU.Build.0 = Release|Any CPU
		{8FCDD37A-1E90-4649-AB16-175022CE63DD}.Debug|Any CPU.ActiveCfg = Debug|Any CPU
		{8FCDD37A-1E90-4649-AB16-175022CE63DD}.Debug|Any CPU.Build.0 = Debug|Any CPU
		{8FCDD37A-1E90-4649-AB16-175022CE63DD}.Release|Any CPU.ActiveCfg = Release|Any CPU
		{8FCDD37A-1E90-4649-AB16-175022CE63DD}.Release|Any CPU.Build.0 = Release|Any CPU
		{96657472-9E7F-4A9E-967D-8EE749AE2F22}.Debug|Any CPU.ActiveCfg = Debug|Any CPU
		{96657472-9E7F-4A9E-967D-8EE749AE2F22}.Debug|Any CPU.Build.0 = Debug|Any CPU
		{96657472-9E7F-4A9E-967D-8EE749AE2F22}.Release|Any CPU.ActiveCfg = Release|Any CPU
		{96657472-9E7F-4A9E-967D-8EE749AE2F22}.Release|Any CPU.Build.0 = Release|Any CPU
		{FCF43311-AAE8-49A4-8438-61E28D33487D}.Debug|Any CPU.ActiveCfg = Debug|Any CPU
		{FCF43311-AAE8-49A4-8438-61E28D33487D}.Debug|Any CPU.Build.0 = Debug|Any CPU
		{FCF43311-AAE8-49A4-8438-61E28D33487D}.Release|Any CPU.ActiveCfg = Release|Any CPU
		{FCF43311-AAE8-49A4-8438-61E28D33487D}.Release|Any CPU.Build.0 = Release|Any CPU
		{34F27E51-1851-4D80-8956-867FFF92E8D3}.Debug|Any CPU.ActiveCfg = Debug|Any CPU
		{34F27E51-1851-4D80-8956-867FFF92E8D3}.Debug|Any CPU.Build.0 = Debug|Any CPU
		{34F27E51-1851-4D80-8956-867FFF92E8D3}.Release|Any CPU.ActiveCfg = Release|Any CPU
		{34F27E51-1851-4D80-8956-867FFF92E8D3}.Release|Any CPU.Build.0 = Release|Any CPU
		{82BA9964-E033-46E9-91C4-D41352D8AC62}.Debug|Any CPU.ActiveCfg = Debug|Any CPU
		{82BA9964-E033-46E9-91C4-D41352D8AC62}.Debug|Any CPU.Build.0 = Debug|Any CPU
		{82BA9964-E033-46E9-91C4-D41352D8AC62}.Release|Any CPU.ActiveCfg = Release|Any CPU
		{82BA9964-E033-46E9-91C4-D41352D8AC62}.Release|Any CPU.Build.0 = Release|Any CPU
		{CBE2A3DF-74B2-428D-9761-904356290288}.Debug|Any CPU.ActiveCfg = Debug|Any CPU
		{CBE2A3DF-74B2-428D-9761-904356290288}.Debug|Any CPU.Build.0 = Debug|Any CPU
		{CBE2A3DF-74B2-428D-9761-904356290288}.Release|Any CPU.ActiveCfg = Release|Any CPU
		{CBE2A3DF-74B2-428D-9761-904356290288}.Release|Any CPU.Build.0 = Release|Any CPU
		{72E073CF-D2DF-43DD-B302-51B0BCD4F607}.Debug|Any CPU.ActiveCfg = Debug|Any CPU
		{72E073CF-D2DF-43DD-B302-51B0BCD4F607}.Debug|Any CPU.Build.0 = Debug|Any CPU
		{72E073CF-D2DF-43DD-B302-51B0BCD4F607}.Release|Any CPU.ActiveCfg = Release|Any CPU
		{72E073CF-D2DF-43DD-B302-51B0BCD4F607}.Release|Any CPU.Build.0 = Release|Any CPU
		{B29B2B11-2E70-424C-8771-21F79386081E}.Debug|Any CPU.ActiveCfg = Debug|Any CPU
		{B29B2B11-2E70-424C-8771-21F79386081E}.Debug|Any CPU.Build.0 = Debug|Any CPU
		{B29B2B11-2E70-424C-8771-21F79386081E}.Release|Any CPU.ActiveCfg = Release|Any CPU
		{B29B2B11-2E70-424C-8771-21F79386081E}.Release|Any CPU.Build.0 = Release|Any CPU
		{4516B848-81B5-429C-8231-C9EC860EF5E1}.Debug|Any CPU.ActiveCfg = Debug|Any CPU
		{4516B848-81B5-429C-8231-C9EC860EF5E1}.Debug|Any CPU.Build.0 = Debug|Any CPU
		{4516B848-81B5-429C-8231-C9EC860EF5E1}.Release|Any CPU.ActiveCfg = Release|Any CPU
		{4516B848-81B5-429C-8231-C9EC860EF5E1}.Release|Any CPU.Build.0 = Release|Any CPU
		{A577273C-2C4F-4F58-B4F0-BCBA1A2F9219}.Debug|Any CPU.ActiveCfg = Debug|Any CPU
		{A577273C-2C4F-4F58-B4F0-BCBA1A2F9219}.Debug|Any CPU.Build.0 = Debug|Any CPU
		{A577273C-2C4F-4F58-B4F0-BCBA1A2F9219}.Release|Any CPU.ActiveCfg = Release|Any CPU
		{A577273C-2C4F-4F58-B4F0-BCBA1A2F9219}.Release|Any CPU.Build.0 = Release|Any CPU
		{0DF7B4D3-ADC5-4DDB-B165-26F8B9693D78}.Debug|Any CPU.ActiveCfg = Debug|Any CPU
		{0DF7B4D3-ADC5-4DDB-B165-26F8B9693D78}.Debug|Any CPU.Build.0 = Debug|Any CPU
		{0DF7B4D3-ADC5-4DDB-B165-26F8B9693D78}.Release|Any CPU.ActiveCfg = Release|Any CPU
		{0DF7B4D3-ADC5-4DDB-B165-26F8B9693D78}.Release|Any CPU.Build.0 = Release|Any CPU
		{EF108AE6-2590-450B-B6C0-2DAD863A842F}.Debug|Any CPU.ActiveCfg = Debug|Any CPU
		{EF108AE6-2590-450B-B6C0-2DAD863A842F}.Debug|Any CPU.Build.0 = Debug|Any CPU
		{EF108AE6-2590-450B-B6C0-2DAD863A842F}.Release|Any CPU.ActiveCfg = Release|Any CPU
		{EF108AE6-2590-450B-B6C0-2DAD863A842F}.Release|Any CPU.Build.0 = Release|Any CPU
		{EE2874AC-A679-4768-B4A2-8C6AA79F38DC}.Debug|Any CPU.ActiveCfg = Debug|Any CPU
		{EE2874AC-A679-4768-B4A2-8C6AA79F38DC}.Debug|Any CPU.Build.0 = Debug|Any CPU
		{EE2874AC-A679-4768-B4A2-8C6AA79F38DC}.Release|Any CPU.ActiveCfg = Release|Any CPU
		{EE2874AC-A679-4768-B4A2-8C6AA79F38DC}.Release|Any CPU.Build.0 = Release|Any CPU
		{D4B3FB2C-F956-494E-B9D4-49F3610FC2BC}.Debug|Any CPU.ActiveCfg = Debug|Any CPU
		{D4B3FB2C-F956-494E-B9D4-49F3610FC2BC}.Debug|Any CPU.Build.0 = Debug|Any CPU
		{D4B3FB2C-F956-494E-B9D4-49F3610FC2BC}.Release|Any CPU.ActiveCfg = Release|Any CPU
		{D4B3FB2C-F956-494E-B9D4-49F3610FC2BC}.Release|Any CPU.Build.0 = Release|Any CPU
		{00CB47A9-EB6C-4105-A267-DCAC0993330E}.Debug|Any CPU.ActiveCfg = Debug|Any CPU
		{00CB47A9-EB6C-4105-A267-DCAC0993330E}.Debug|Any CPU.Build.0 = Debug|Any CPU
		{00CB47A9-EB6C-4105-A267-DCAC0993330E}.Release|Any CPU.ActiveCfg = Release|Any CPU
		{00CB47A9-EB6C-4105-A267-DCAC0993330E}.Release|Any CPU.Build.0 = Release|Any CPU
		{1870BD63-D815-4B08-8468-F990DAD0B0A1}.Debug|Any CPU.ActiveCfg = Debug|Any CPU
		{1870BD63-D815-4B08-8468-F990DAD0B0A1}.Debug|Any CPU.Build.0 = Debug|Any CPU
		{1870BD63-D815-4B08-8468-F990DAD0B0A1}.Release|Any CPU.ActiveCfg = Release|Any CPU
		{1870BD63-D815-4B08-8468-F990DAD0B0A1}.Release|Any CPU.Build.0 = Release|Any CPU
		{8B9A6357-63B0-4130-BA3F-C6C6B3D4B217}.Debug|Any CPU.ActiveCfg = Debug|Any CPU
		{8B9A6357-63B0-4130-BA3F-C6C6B3D4B217}.Debug|Any CPU.Build.0 = Debug|Any CPU
		{8B9A6357-63B0-4130-BA3F-C6C6B3D4B217}.Release|Any CPU.ActiveCfg = Release|Any CPU
		{8B9A6357-63B0-4130-BA3F-C6C6B3D4B217}.Release|Any CPU.Build.0 = Release|Any CPU
		{D98F2EC9-3D14-458B-98C2-57B490798DDB}.Debug|Any CPU.ActiveCfg = Debug|Any CPU
		{D98F2EC9-3D14-458B-98C2-57B490798DDB}.Debug|Any CPU.Build.0 = Debug|Any CPU
		{D98F2EC9-3D14-458B-98C2-57B490798DDB}.Release|Any CPU.ActiveCfg = Release|Any CPU
		{D98F2EC9-3D14-458B-98C2-57B490798DDB}.Release|Any CPU.Build.0 = Release|Any CPU
		{056A9B79-80F2-4BD6-A288-CEC510E96013}.Debug|Any CPU.ActiveCfg = Debug|Any CPU
		{056A9B79-80F2-4BD6-A288-CEC510E96013}.Debug|Any CPU.Build.0 = Debug|Any CPU
		{056A9B79-80F2-4BD6-A288-CEC510E96013}.Release|Any CPU.ActiveCfg = Release|Any CPU
		{056A9B79-80F2-4BD6-A288-CEC510E96013}.Release|Any CPU.Build.0 = Release|Any CPU
	EndGlobalSection
	GlobalSection(SolutionProperties) = preSolution
		HideSolutionNode = FALSE
	EndGlobalSection
	GlobalSection(NestedProjects) = preSolution
		{158D7932-40A0-4537-8BFD-7F2FC7E4D3CC} = {E53E8BBF-1BC7-44D4-84CC-E1E5403A6ABC}
		{CE7399B3-F067-4360-A3E4-79CD2C814ED6} = {158D7932-40A0-4537-8BFD-7F2FC7E4D3CC}
		{B2F74AF2-20F7-4C7F-AF5B-0BEA6964E65E} = {E53E8BBF-1BC7-44D4-84CC-E1E5403A6ABC}
		{63BF39CD-E5F6-4A1C-8F34-7281688DAF56} = {B2F74AF2-20F7-4C7F-AF5B-0BEA6964E65E}
		{3D1A9008-6381-476D-999C-9D27C5233CBF} = {E53E8BBF-1BC7-44D4-84CC-E1E5403A6ABC}
		{ADFB7036-2699-4AE5-A174-FF7F4FC24AEE} = {3D1A9008-6381-476D-999C-9D27C5233CBF}
		{C7F35F19-E2EA-4FDF-A6F1-A826F1BA8883} = {C3AB1D2C-4D45-4C58-A733-84BB31BF02C6}
		{FE326195-0D95-4421-BB09-3CCDDF183905} = {C3AB1D2C-4D45-4C58-A733-84BB31BF02C6}
		{06CA8DDE-1AE6-4E09-8226-2F2ED2575E16} = {517FAAA5-B91E-4AF1-9329-AC5860A1D902}
		{8AB8D819-CD4F-4233-9C91-81A9D4C79AF3} = {517FAAA5-B91E-4AF1-9329-AC5860A1D902}
		{CE7E2C62-EA95-4721-9D83-F30802A60698} = {8AB8D819-CD4F-4233-9C91-81A9D4C79AF3}
		{21F74221-FF49-401A-B278-FC25A46E4AAD} = {D13A1958-5CC4-4087-A01E-62038324B005}
		{DA40417F-CD8D-4B4A-985F-1F6147D7D0C5} = {D13A1958-5CC4-4087-A01E-62038324B005}
		{4A417EE3-BD61-4F06-9E87-24E530D3DBC8} = {D13A1958-5CC4-4087-A01E-62038324B005}
		{1E22DB25-A283-473D-9D8D-26A5DA26CEF7} = {4A417EE3-BD61-4F06-9E87-24E530D3DBC8}
		{73CCEE06-23B2-4487-A274-03164090D6DF} = {DA40417F-CD8D-4B4A-985F-1F6147D7D0C5}
		{908E3935-0A76-4DD7-8CD2-1AE54A97E9C1} = {06CA8DDE-1AE6-4E09-8226-2F2ED2575E16}
		{FF663DCD-A0ED-44E0-9595-EA3E3BCB73EE} = {5BB2C399-33E6-4E84-9334-59AFCBE96397}
		{3E1F8C0D-DC4A-4B0F-8DD5-CF46DA4EFC8F} = {F3F0060F-2C03-45DD-B218-3D47B2D7AC8E}
		{9B098C7D-2A8F-4CB0-AFD5-C959608D0EF6} = {378D56DB-1E94-43C9-9C1D-2721DCC87F9C}
		{27CA905D-182C-4A49-9274-030455E47A47} = {ED069AEE-1B01-4D1B-B749-C93B6659B91F}
		{7597DEE0-A8BC-45CC-9F83-BF8E43C6D488} = {ED069AEE-1B01-4D1B-B749-C93B6659B91F}
		{464075D9-1172-4F7B-AC8B-856CFB480CD9} = {ED069AEE-1B01-4D1B-B749-C93B6659B91F}
		{39DCFA4C-808C-4A92-833F-B4B2103B5B28} = {27CA905D-182C-4A49-9274-030455E47A47}
		{BC363344-C379-4AAC-9119-6084175470D3} = {464075D9-1172-4F7B-AC8B-856CFB480CD9}
		{7DBA7920-3E8F-44C8-82A9-37EDE17FE0D5} = {7597DEE0-A8BC-45CC-9F83-BF8E43C6D488}
		{6C160C38-4C25-4182-B21F-FB3B8D6DA3B3} = {21F74221-FF49-401A-B278-FC25A46E4AAD}
		{29E834B8-B088-4B26-BAF3-1D40DB245421} = {4B94C0B4-9ECC-4CBC-8244-A13A0528A59C}
		{FAFA56E9-3D23-4EF7-A742-00C69057495D} = {CD0BF10E-C73A-48B3-8714-1444E2F7FDA6}
		{85673B3A-F3C2-4ACD-B767-ED39331F1027} = {CD0BF10E-C73A-48B3-8714-1444E2F7FDA6}
		{C3318378-C0C4-44F0-A854-EE3923E99B7D} = {CD0BF10E-C73A-48B3-8714-1444E2F7FDA6}
		{5BE2047A-A44A-414A-9E17-DDB6C09DD102} = {C3318378-C0C4-44F0-A854-EE3923E99B7D}
		{BFF46BD9-EF93-4F99-AAFC-F14CC6D2EFE5} = {85673B3A-F3C2-4ACD-B767-ED39331F1027}
		{8FCDD37A-1E90-4649-AB16-175022CE63DD} = {FAFA56E9-3D23-4EF7-A742-00C69057495D}
		{96657472-9E7F-4A9E-967D-8EE749AE2F22} = {C3AB1D2C-4D45-4C58-A733-84BB31BF02C6}
		{FCF43311-AAE8-49A4-8438-61E28D33487D} = {56BF3D5F-7FCE-43DB-B9A5-4525F12CB1FD}
		{34F27E51-1851-4D80-8956-867FFF92E8D3} = {56BF3D5F-7FCE-43DB-B9A5-4525F12CB1FD}
		{82BA9964-E033-46E9-91C4-D41352D8AC62} = {56BF3D5F-7FCE-43DB-B9A5-4525F12CB1FD}
		{CBE2A3DF-74B2-428D-9761-904356290288} = {56BF3D5F-7FCE-43DB-B9A5-4525F12CB1FD}
		{72E073CF-D2DF-43DD-B302-51B0BCD4F607} = {57C60D6D-799A-4CDD-86EE-F111730C8823}
		{B29B2B11-2E70-424C-8771-21F79386081E} = {57C60D6D-799A-4CDD-86EE-F111730C8823}
		{4516B848-81B5-429C-8231-C9EC860EF5E1} = {57C60D6D-799A-4CDD-86EE-F111730C8823}
		{A577273C-2C4F-4F58-B4F0-BCBA1A2F9219} = {E7018D26-3D74-4663-BB49-C877D1229EB4}
		{0DF7B4D3-ADC5-4DDB-B165-26F8B9693D78} = {E7018D26-3D74-4663-BB49-C877D1229EB4}
		{EF108AE6-2590-450B-B6C0-2DAD863A842F} = {4142C174-CD7A-43D5-83BA-02BBD2B06159}
		{EE2874AC-A679-4768-B4A2-8C6AA79F38DC} = {4142C174-CD7A-43D5-83BA-02BBD2B06159}
		{D4B3FB2C-F956-494E-B9D4-49F3610FC2BC} = {4142C174-CD7A-43D5-83BA-02BBD2B06159}
		{83CA6B0A-3F40-45DE-A562-72932722E350} = {A58DFA65-4A82-42BC-AF66-BE219D8AF57A}
		{8EA810B2-631C-4995-AE88-8B136154ACFC} = {A58DFA65-4A82-42BC-AF66-BE219D8AF57A}
		{70A0A699-B92B-49BA-9B26-5A7BAB75AA58} = {A58DFA65-4A82-42BC-AF66-BE219D8AF57A}
		{00CB47A9-EB6C-4105-A267-DCAC0993330E} = {83CA6B0A-3F40-45DE-A562-72932722E350}
		{1870BD63-D815-4B08-8468-F990DAD0B0A1} = {8EA810B2-631C-4995-AE88-8B136154ACFC}
		{8B9A6357-63B0-4130-BA3F-C6C6B3D4B217} = {8EA810B2-631C-4995-AE88-8B136154ACFC}
		{D98F2EC9-3D14-458B-98C2-57B490798DDB} = {70A0A699-B92B-49BA-9B26-5A7BAB75AA58}
		{056A9B79-80F2-4BD6-A288-CEC510E96013} = {83CA6B0A-3F40-45DE-A562-72932722E350}
	EndGlobalSection
	GlobalSection(ExtensibilityGlobals) = postSolution
		SolutionGuid = {38B85544-AC00-4B67-B951-9BF45A2D22B6}
	EndGlobalSection
EndGlobal
